
Microsoft Visual Studio Solution File, Format Version 12.00
# Visual Studio 15
VisualStudioVersion = 15.0.27004.2002
MinimumVisualStudioVersion = 10.0.40219.1
Project("{FAE04EC0-301F-11D3-BF4B-00C04F79EFBC}") = "N6.HelloWorld.Android", "N6.HelloWorld\N6.HelloWorld.Android\N6.HelloWorld.Android.csproj", "{283D41E6-CF5D-4FD1-A328-AF0C17E1D129}"
EndProject
Project("{FAE04EC0-301F-11D3-BF4B-00C04F79EFBC}") = "N6.HelloWorld", "N6.HelloWorld\N6.HelloWorld\N6.HelloWorld.csproj", "{09442F90-AA97-4015-935D-3C9A093B7943}"
EndProject
Project("{FAE04EC0-301F-11D3-BF4B-00C04F79EFBC}") = "N6.HelloWorld.iOS", "N6.HelloWorld\N6.HelloWorld.iOS\N6.HelloWorld.iOS.csproj", "{CCB4E1AB-F7B1-47BB-BF5D-7C130988095A}"
EndProject
Global
	GlobalSection(SolutionConfigurationPlatforms) = preSolution
		Ad-Hoc|Any CPU = Ad-Hoc|Any CPU
		Ad-Hoc|ARM = Ad-Hoc|ARM
		Ad-Hoc|iPhone = Ad-Hoc|iPhone
		Ad-Hoc|iPhoneSimulator = Ad-Hoc|iPhoneSimulator
		Ad-Hoc|x64 = Ad-Hoc|x64
		Ad-Hoc|x86 = Ad-Hoc|x86
		AppStore|Any CPU = AppStore|Any CPU
		AppStore|ARM = AppStore|ARM
		AppStore|iPhone = AppStore|iPhone
		AppStore|iPhoneSimulator = AppStore|iPhoneSimulator
		AppStore|x64 = AppStore|x64
		AppStore|x86 = AppStore|x86
		Debug|Any CPU = Debug|Any CPU
		Debug|ARM = Debug|ARM
		Debug|iPhone = Debug|iPhone
		Debug|iPhoneSimulator = Debug|iPhoneSimulator
		Debug|x64 = Debug|x64
		Debug|x86 = Debug|x86
		Release|Any CPU = Release|Any CPU
		Release|ARM = Release|ARM
		Release|iPhone = Release|iPhone
		Release|iPhoneSimulator = Release|iPhoneSimulator
		Release|x64 = Release|x64
		Release|x86 = Release|x86
	EndGlobalSection
	GlobalSection(ProjectConfigurationPlatforms) = postSolution
		{283D41E6-CF5D-4FD1-A328-AF0C17E1D129}.Ad-Hoc|Any CPU.ActiveCfg = Release|Any CPU
		{283D41E6-CF5D-4FD1-A328-AF0C17E1D129}.Ad-Hoc|Any CPU.Build.0 = Release|Any CPU
		{283D41E6-CF5D-4FD1-A328-AF0C17E1D129}.Ad-Hoc|Any CPU.Deploy.0 = Release|Any CPU
		{283D41E6-CF5D-4FD1-A328-AF0C17E1D129}.Ad-Hoc|ARM.ActiveCfg = Release|Any CPU
		{283D41E6-CF5D-4FD1-A328-AF0C17E1D129}.Ad-Hoc|ARM.Build.0 = Release|Any CPU
		{283D41E6-CF5D-4FD1-A328-AF0C17E1D129}.Ad-Hoc|ARM.Deploy.0 = Release|Any CPU
		{283D41E6-CF5D-4FD1-A328-AF0C17E1D129}.Ad-Hoc|iPhone.ActiveCfg = Release|Any CPU
		{283D41E6-CF5D-4FD1-A328-AF0C17E1D129}.Ad-Hoc|iPhone.Build.0 = Release|Any CPU
		{283D41E6-CF5D-4FD1-A328-AF0C17E1D129}.Ad-Hoc|iPhone.Deploy.0 = Release|Any CPU
		{283D41E6-CF5D-4FD1-A328-AF0C17E1D129}.Ad-Hoc|iPhoneSimulator.ActiveCfg = Release|Any CPU
		{283D41E6-CF5D-4FD1-A328-AF0C17E1D129}.Ad-Hoc|iPhoneSimulator.Build.0 = Release|Any CPU
		{283D41E6-CF5D-4FD1-A328-AF0C17E1D129}.Ad-Hoc|iPhoneSimulator.Deploy.0 = Release|Any CPU
		{283D41E6-CF5D-4FD1-A328-AF0C17E1D129}.Ad-Hoc|x64.ActiveCfg = Release|Any CPU
		{283D41E6-CF5D-4FD1-A328-AF0C17E1D129}.Ad-Hoc|x64.Build.0 = Release|Any CPU
		{283D41E6-CF5D-4FD1-A328-AF0C17E1D129}.Ad-Hoc|x64.Deploy.0 = Release|Any CPU
		{283D41E6-CF5D-4FD1-A328-AF0C17E1D129}.Ad-Hoc|x86.ActiveCfg = Release|Any CPU
		{283D41E6-CF5D-4FD1-A328-AF0C17E1D129}.Ad-Hoc|x86.Build.0 = Release|Any CPU
		{283D41E6-CF5D-4FD1-A328-AF0C17E1D129}.Ad-Hoc|x86.Deploy.0 = Release|Any CPU
		{283D41E6-CF5D-4FD1-A328-AF0C17E1D129}.AppStore|Any CPU.ActiveCfg = Release|Any CPU
		{283D41E6-CF5D-4FD1-A328-AF0C17E1D129}.AppStore|Any CPU.Build.0 = Release|Any CPU
		{283D41E6-CF5D-4FD1-A328-AF0C17E1D129}.AppStore|Any CPU.Deploy.0 = Release|Any CPU
		{283D41E6-CF5D-4FD1-A328-AF0C17E1D129}.AppStore|ARM.ActiveCfg = Release|Any CPU
		{283D41E6-CF5D-4FD1-A328-AF0C17E1D129}.AppStore|ARM.Build.0 = Release|Any CPU
		{283D41E6-CF5D-4FD1-A328-AF0C17E1D129}.AppStore|ARM.Deploy.0 = Release|Any CPU
		{283D41E6-CF5D-4FD1-A328-AF0C17E1D129}.AppStore|iPhone.ActiveCfg = Release|Any CPU
		{283D41E6-CF5D-4FD1-A328-AF0C17E1D129}.AppStore|iPhone.Build.0 = Release|Any CPU
		{283D41E6-CF5D-4FD1-A328-AF0C17E1D129}.AppStore|iPhone.Deploy.0 = Release|Any CPU
		{283D41E6-CF5D-4FD1-A328-AF0C17E1D129}.AppStore|iPhoneSimulator.ActiveCfg = Release|Any CPU
		{283D41E6-CF5D-4FD1-A328-AF0C17E1D129}.AppStore|iPhoneSimulator.Build.0 = Release|Any CPU
		{283D41E6-CF5D-4FD1-A328-AF0C17E1D129}.AppStore|iPhoneSimulator.Deploy.0 = Release|Any CPU
		{283D41E6-CF5D-4FD1-A328-AF0C17E1D129}.AppStore|x64.ActiveCfg = Release|Any CPU
		{283D41E6-CF5D-4FD1-A328-AF0C17E1D129}.AppStore|x64.Build.0 = Release|Any CPU
		{283D41E6-CF5D-4FD1-A328-AF0C17E1D129}.AppStore|x64.Deploy.0 = Release|Any CPU
		{283D41E6-CF5D-4FD1-A328-AF0C17E1D129}.AppStore|x86.ActiveCfg = Release|Any CPU
		{283D41E6-CF5D-4FD1-A328-AF0C17E1D129}.AppStore|x86.Build.0 = Release|Any CPU
		{283D41E6-CF5D-4FD1-A328-AF0C17E1D129}.AppStore|x86.Deploy.0 = Release|Any CPU
		{283D41E6-CF5D-4FD1-A328-AF0C17E1D129}.Debug|Any CPU.ActiveCfg = Debug|Any CPU
		{283D41E6-CF5D-4FD1-A328-AF0C17E1D129}.Debug|Any CPU.Build.0 = Debug|Any CPU
		{283D41E6-CF5D-4FD1-A328-AF0C17E1D129}.Debug|Any CPU.Deploy.0 = Debug|Any CPU
		{283D41E6-CF5D-4FD1-A328-AF0C17E1D129}.Debug|ARM.ActiveCfg = Debug|Any CPU
		{283D41E6-CF5D-4FD1-A328-AF0C17E1D129}.Debug|ARM.Build.0 = Debug|Any CPU
		{283D41E6-CF5D-4FD1-A328-AF0C17E1D129}.Debug|ARM.Deploy.0 = Debug|Any CPU
		{283D41E6-CF5D-4FD1-A328-AF0C17E1D129}.Debug|iPhone.ActiveCfg = Debug|Any CPU
		{283D41E6-CF5D-4FD1-A328-AF0C17E1D129}.Debug|iPhone.Build.0 = Debug|Any CPU
		{283D41E6-CF5D-4FD1-A328-AF0C17E1D129}.Debug|iPhone.Deploy.0 = Debug|Any CPU
		{283D41E6-CF5D-4FD1-A328-AF0C17E1D129}.Debug|iPhoneSimulator.ActiveCfg = Debug|Any CPU
		{283D41E6-CF5D-4FD1-A328-AF0C17E1D129}.Debug|iPhoneSimulator.Build.0 = Debug|Any CPU
		{283D41E6-CF5D-4FD1-A328-AF0C17E1D129}.Debug|iPhoneSimulator.Deploy.0 = Debug|Any CPU
		{283D41E6-CF5D-4FD1-A328-AF0C17E1D129}.Debug|x64.ActiveCfg = Debug|Any CPU
		{283D41E6-CF5D-4FD1-A328-AF0C17E1D129}.Debug|x64.Build.0 = Debug|Any CPU
		{283D41E6-CF5D-4FD1-A328-AF0C17E1D129}.Debug|x64.Deploy.0 = Debug|Any CPU
		{283D41E6-CF5D-4FD1-A328-AF0C17E1D129}.Debug|x86.ActiveCfg = Debug|Any CPU
		{283D41E6-CF5D-4FD1-A328-AF0C17E1D129}.Debug|x86.Build.0 = Debug|Any CPU
		{283D41E6-CF5D-4FD1-A328-AF0C17E1D129}.Debug|x86.Deploy.0 = Debug|Any CPU
		{283D41E6-CF5D-4FD1-A328-AF0C17E1D129}.Release|Any CPU.ActiveCfg = Release|Any CPU
		{283D41E6-CF5D-4FD1-A328-AF0C17E1D129}.Release|Any CPU.Build.0 = Release|Any CPU
		{283D41E6-CF5D-4FD1-A328-AF0C17E1D129}.Release|Any CPU.Deploy.0 = Release|Any CPU
		{283D41E6-CF5D-4FD1-A328-AF0C17E1D129}.Release|ARM.ActiveCfg = Release|Any CPU
		{283D41E6-CF5D-4FD1-A328-AF0C17E1D129}.Release|ARM.Build.0 = Release|Any CPU
		{283D41E6-CF5D-4FD1-A328-AF0C17E1D129}.Release|ARM.Deploy.0 = Release|Any CPU
		{283D41E6-CF5D-4FD1-A328-AF0C17E1D129}.Release|iPhone.ActiveCfg = Release|Any CPU
		{283D41E6-CF5D-4FD1-A328-AF0C17E1D129}.Release|iPhone.Build.0 = Release|Any CPU
		{283D41E6-CF5D-4FD1-A328-AF0C17E1D129}.Release|iPhone.Deploy.0 = Release|Any CPU
		{283D41E6-CF5D-4FD1-A328-AF0C17E1D129}.Release|iPhoneSimulator.ActiveCfg = Release|Any CPU
		{283D41E6-CF5D-4FD1-A328-AF0C17E1D129}.Release|iPhoneSimulator.Build.0 = Release|Any CPU
		{283D41E6-CF5D-4FD1-A328-AF0C17E1D129}.Release|iPhoneSimulator.Deploy.0 = Release|Any CPU
		{283D41E6-CF5D-4FD1-A328-AF0C17E1D129}.Release|x64.ActiveCfg = Release|Any CPU
		{283D41E6-CF5D-4FD1-A328-AF0C17E1D129}.Release|x64.Build.0 = Release|Any CPU
		{283D41E6-CF5D-4FD1-A328-AF0C17E1D129}.Release|x64.Deploy.0 = Release|Any CPU
		{283D41E6-CF5D-4FD1-A328-AF0C17E1D129}.Release|x86.ActiveCfg = Release|Any CPU
		{283D41E6-CF5D-4FD1-A328-AF0C17E1D129}.Release|x86.Build.0 = Release|Any CPU
		{283D41E6-CF5D-4FD1-A328-AF0C17E1D129}.Release|x86.Deploy.0 = Release|Any CPU
		{09442F90-AA97-4015-935D-3C9A093B7943}.Ad-Hoc|Any CPU.ActiveCfg = Release|Any CPU
		{09442F90-AA97-4015-935D-3C9A093B7943}.Ad-Hoc|Any CPU.Build.0 = Release|Any CPU
		{09442F90-AA97-4015-935D-3C9A093B7943}.Ad-Hoc|ARM.ActiveCfg = Release|Any CPU
		{09442F90-AA97-4015-935D-3C9A093B7943}.Ad-Hoc|ARM.Build.0 = Release|Any CPU
		{09442F90-AA97-4015-935D-3C9A093B7943}.Ad-Hoc|iPhone.ActiveCfg = Release|Any CPU
		{09442F90-AA97-4015-935D-3C9A093B7943}.Ad-Hoc|iPhone.Build.0 = Release|Any CPU
		{09442F90-AA97-4015-935D-3C9A093B7943}.Ad-Hoc|iPhoneSimulator.ActiveCfg = Release|Any CPU
		{09442F90-AA97-4015-935D-3C9A093B7943}.Ad-Hoc|iPhoneSimulator.Build.0 = Release|Any CPU
		{09442F90-AA97-4015-935D-3C9A093B7943}.Ad-Hoc|x64.ActiveCfg = Release|Any CPU
		{09442F90-AA97-4015-935D-3C9A093B7943}.Ad-Hoc|x64.Build.0 = Release|Any CPU
		{09442F90-AA97-4015-935D-3C9A093B7943}.Ad-Hoc|x86.ActiveCfg = Release|Any CPU
		{09442F90-AA97-4015-935D-3C9A093B7943}.Ad-Hoc|x86.Build.0 = Release|Any CPU
		{09442F90-AA97-4015-935D-3C9A093B7943}.AppStore|Any CPU.ActiveCfg = Release|Any CPU
		{09442F90-AA97-4015-935D-3C9A093B7943}.AppStore|Any CPU.Build.0 = Release|Any CPU
		{09442F90-AA97-4015-935D-3C9A093B7943}.AppStore|ARM.ActiveCfg = Release|Any CPU
		{09442F90-AA97-4015-935D-3C9A093B7943}.AppStore|ARM.Build.0 = Release|Any CPU
		{09442F90-AA97-4015-935D-3C9A093B7943}.AppStore|iPhone.ActiveCfg = Release|Any CPU
		{09442F90-AA97-4015-935D-3C9A093B7943}.AppStore|iPhone.Build.0 = Release|Any CPU
		{09442F90-AA97-4015-935D-3C9A093B7943}.AppStore|iPhoneSimulator.ActiveCfg = Release|Any CPU
		{09442F90-AA97-4015-935D-3C9A093B7943}.AppStore|iPhoneSimulator.Build.0 = Release|Any CPU
		{09442F90-AA97-4015-935D-3C9A093B7943}.AppStore|x64.ActiveCfg = Release|Any CPU
		{09442F90-AA97-4015-935D-3C9A093B7943}.AppStore|x64.Build.0 = Release|Any CPU
		{09442F90-AA97-4015-935D-3C9A093B7943}.AppStore|x86.ActiveCfg = Release|Any CPU
		{09442F90-AA97-4015-935D-3C9A093B7943}.AppStore|x86.Build.0 = Release|Any CPU
		{09442F90-AA97-4015-935D-3C9A093B7943}.Debug|Any CPU.ActiveCfg = Debug|Any CPU
		{09442F90-AA97-4015-935D-3C9A093B7943}.Debug|Any CPU.Build.0 = Debug|Any CPU
		{09442F90-AA97-4015-935D-3C9A093B7943}.Debug|ARM.ActiveCfg = Debug|Any CPU
		{09442F90-AA97-4015-935D-3C9A093B7943}.Debug|ARM.Build.0 = Debug|Any CPU
		{09442F90-AA97-4015-935D-3C9A093B7943}.Debug|iPhone.ActiveCfg = Debug|Any CPU
		{09442F90-AA97-4015-935D-3C9A093B7943}.Debug|iPhone.Build.0 = Debug|Any CPU
		{09442F90-AA97-4015-935D-3C9A093B7943}.Debug|iPhoneSimulator.ActiveCfg = Debug|Any CPU
		{09442F90-AA97-4015-935D-3C9A093B7943}.Debug|iPhoneSimulator.Build.0 = Debug|Any CPU
		{09442F90-AA97-4015-935D-3C9A093B7943}.Debug|x64.ActiveCfg = Debug|Any CPU
		{09442F90-AA97-4015-935D-3C9A093B7943}.Debug|x64.Build.0 = Debug|Any CPU
		{09442F90-AA97-4015-935D-3C9A093B7943}.Debug|x86.ActiveCfg = Debug|Any CPU
		{09442F90-AA97-4015-935D-3C9A093B7943}.Debug|x86.Build.0 = Debug|Any CPU
		{09442F90-AA97-4015-935D-3C9A093B7943}.Release|Any CPU.ActiveCfg = Release|Any CPU
		{09442F90-AA97-4015-935D-3C9A093B7943}.Release|Any CPU.Build.0 = Release|Any CPU
		{09442F90-AA97-4015-935D-3C9A093B7943}.Release|ARM.ActiveCfg = Release|Any CPU
		{09442F90-AA97-4015-935D-3C9A093B7943}.Release|ARM.Build.0 = Release|Any CPU
		{09442F90-AA97-4015-935D-3C9A093B7943}.Release|iPhone.ActiveCfg = Release|Any CPU
		{09442F90-AA97-4015-935D-3C9A093B7943}.Release|iPhone.Build.0 = Release|Any CPU
		{09442F90-AA97-4015-935D-3C9A093B7943}.Release|iPhoneSimulator.ActiveCfg = Release|Any CPU
		{09442F90-AA97-4015-935D-3C9A093B7943}.Release|iPhoneSimulator.Build.0 = Release|Any CPU
		{09442F90-AA97-4015-935D-3C9A093B7943}.Release|x64.ActiveCfg = Release|Any CPU
		{09442F90-AA97-4015-935D-3C9A093B7943}.Release|x64.Build.0 = Release|Any CPU
		{09442F90-AA97-4015-935D-3C9A093B7943}.Release|x86.ActiveCfg = Release|Any CPU
		{09442F90-AA97-4015-935D-3C9A093B7943}.Release|x86.Build.0 = Release|Any CPU
		{CCB4E1AB-F7B1-47BB-BF5D-7C130988095A}.Ad-Hoc|Any CPU.ActiveCfg = Ad-Hoc|iPhoneSimulator
		{CCB4E1AB-F7B1-47BB-BF5D-7C130988095A}.Ad-Hoc|ARM.ActiveCfg = Ad-Hoc|iPhone
		{CCB4E1AB-F7B1-47BB-BF5D-7C130988095A}.Ad-Hoc|iPhone.ActiveCfg = Ad-Hoc|iPhone
		{CCB4E1AB-F7B1-47BB-BF5D-7C130988095A}.Ad-Hoc|iPhone.Build.0 = Ad-Hoc|iPhone
		{CCB4E1AB-F7B1-47BB-BF5D-7C130988095A}.Ad-Hoc|iPhoneSimulator.ActiveCfg = Ad-Hoc|iPhoneSimulator
		{CCB4E1AB-F7B1-47BB-BF5D-7C130988095A}.Ad-Hoc|iPhoneSimulator.Build.0 = Ad-Hoc|iPhoneSimulator
		{CCB4E1AB-F7B1-47BB-BF5D-7C130988095A}.Ad-Hoc|x64.ActiveCfg = Ad-Hoc|iPhone
		{CCB4E1AB-F7B1-47BB-BF5D-7C130988095A}.Ad-Hoc|x86.ActiveCfg = Ad-Hoc|iPhone
		{CCB4E1AB-F7B1-47BB-BF5D-7C130988095A}.AppStore|Any CPU.ActiveCfg = AppStore|iPhoneSimulator
		{CCB4E1AB-F7B1-47BB-BF5D-7C130988095A}.AppStore|ARM.ActiveCfg = AppStore|iPhone
		{CCB4E1AB-F7B1-47BB-BF5D-7C130988095A}.AppStore|iPhone.ActiveCfg = AppStore|iPhone
		{CCB4E1AB-F7B1-47BB-BF5D-7C130988095A}.AppStore|iPhone.Build.0 = AppStore|iPhone
		{CCB4E1AB-F7B1-47BB-BF5D-7C130988095A}.AppStore|iPhoneSimulator.ActiveCfg = AppStore|iPhoneSimulator
		{CCB4E1AB-F7B1-47BB-BF5D-7C130988095A}.AppStore|iPhoneSimulator.Build.0 = AppStore|iPhoneSimulator
		{CCB4E1AB-F7B1-47BB-BF5D-7C130988095A}.AppStore|x64.ActiveCfg = AppStore|iPhone
		{CCB4E1AB-F7B1-47BB-BF5D-7C130988095A}.AppStore|x86.ActiveCfg = AppStore|iPhone
		{CCB4E1AB-F7B1-47BB-BF5D-7C130988095A}.Debug|Any CPU.ActiveCfg = Debug|iPhoneSimulator
		{CCB4E1AB-F7B1-47BB-BF5D-7C130988095A}.Debug|ARM.ActiveCfg = Debug|iPhone
		{CCB4E1AB-F7B1-47BB-BF5D-7C130988095A}.Debug|iPhone.ActiveCfg = Debug|iPhone
		{CCB4E1AB-F7B1-47BB-BF5D-7C130988095A}.Debug|iPhone.Build.0 = Debug|iPhone
		{CCB4E1AB-F7B1-47BB-BF5D-7C130988095A}.Debug|iPhoneSimulator.ActiveCfg = Debug|iPhoneSimulator
		{CCB4E1AB-F7B1-47BB-BF5D-7C130988095A}.Debug|iPhoneSimulator.Build.0 = Debug|iPhoneSimulator
		{CCB4E1AB-F7B1-47BB-BF5D-7C130988095A}.Debug|x64.ActiveCfg = Debug|iPhone
		{CCB4E1AB-F7B1-47BB-BF5D-7C130988095A}.Debug|x86.ActiveCfg = Debug|iPhone
		{CCB4E1AB-F7B1-47BB-BF5D-7C130988095A}.Release|Any CPU.ActiveCfg = Release|iPhoneSimulator
		{CCB4E1AB-F7B1-47BB-BF5D-7C130988095A}.Release|ARM.ActiveCfg = Release|iPhone
		{CCB4E1AB-F7B1-47BB-BF5D-7C130988095A}.Release|iPhone.ActiveCfg = Release|iPhone
		{CCB4E1AB-F7B1-47BB-BF5D-7C130988095A}.Release|iPhone.Build.0 = Release|iPhone
		{CCB4E1AB-F7B1-47BB-BF5D-7C130988095A}.Release|iPhoneSimulator.ActiveCfg = Release|iPhoneSimulator
		{CCB4E1AB-F7B1-47BB-BF5D-7C130988095A}.Release|iPhoneSimulator.Build.0 = Release|iPhoneSimulator
		{CCB4E1AB-F7B1-47BB-BF5D-7C130988095A}.Release|x64.ActiveCfg = Release|iPhone
		{CCB4E1AB-F7B1-47BB-BF5D-7C130988095A}.Release|x86.ActiveCfg = Release|iPhone
	EndGlobalSection
	GlobalSection(SolutionProperties) = preSolution
		HideSolutionNode = FALSE
	EndGlobalSection
	GlobalSection(ExtensibilityGlobals) = postSolution
		SolutionGuid = {03D22EE9-8DC3-4096-9E8E-18A5C7910AFB}
	EndGlobalSection
EndGlobal
